// !$*UTF8*$!
{
	archiveVersion = 1;
	classes = {
	};
	objectVersion = 50;
	objects = {

/* Begin PBXBuildFile section */
		7C27074F5096796D55153A16 /* Pods_Todo.framework in Frameworks */ = {isa = PBXBuildFile; fileRef = 123C255FDF97768D8163AA63 /* Pods_Todo.framework */; };
		B931220E214919E6002BDC1C /* ViewControllerReactor.swift in Sources */ = {isa = PBXBuildFile; fileRef = B931220D214919E6002BDC1C /* ViewControllerReactor.swift */; };
		B931221021491CAB002BDC1C /* ViewControllerRouter.swift in Sources */ = {isa = PBXBuildFile; fileRef = B931220F21491CAB002BDC1C /* ViewControllerRouter.swift */; };
		B931221621491EFB002BDC1C /* AddListViewController.swift in Sources */ = {isa = PBXBuildFile; fileRef = B931221521491EFB002BDC1C /* AddListViewController.swift */; };
		B931221921491F3F002BDC1C /* AddListViewControllerSubView.swift in Sources */ = {isa = PBXBuildFile; fileRef = B931221821491F3F002BDC1C /* AddListViewControllerSubView.swift */; };
		B9439CBD214903DB00936AE4 /* AppDelegate.swift in Sources */ = {isa = PBXBuildFile; fileRef = B9439CBC214903DB00936AE4 /* AppDelegate.swift */; };
		B9439CBF214903DB00936AE4 /* ViewController.swift in Sources */ = {isa = PBXBuildFile; fileRef = B9439CBE214903DB00936AE4 /* ViewController.swift */; };
		B9439CC2214903DB00936AE4 /* Main.storyboard in Resources */ = {isa = PBXBuildFile; fileRef = B9439CC0214903DB00936AE4 /* Main.storyboard */; };
		B9439CC4214903DD00936AE4 /* Assets.xcassets in Resources */ = {isa = PBXBuildFile; fileRef = B9439CC3214903DD00936AE4 /* Assets.xcassets */; };
		B9439CC7214903DD00936AE4 /* LaunchScreen.storyboard in Resources */ = {isa = PBXBuildFile; fileRef = B9439CC5214903DD00936AE4 /* LaunchScreen.storyboard */; };
		B9439CD72149071C00936AE4 /* ViewControllerSubView.swift in Sources */ = {isa = PBXBuildFile; fileRef = B9439CD62149071C00936AE4 /* ViewControllerSubView.swift */; };
/* End PBXBuildFile section */

/* Begin PBXFileReference section */
		123C255FDF97768D8163AA63 /* Pods_Todo.framework */ = {isa = PBXFileReference; explicitFileType = wrapper.framework; includeInIndex = 0; path = Pods_Todo.framework; sourceTree = BUILT_PRODUCTS_DIR; };
		23DA62A29C2BAF3682134B83 /* Pods-Todo.release.xcconfig */ = {isa = PBXFileReference; includeInIndex = 1; lastKnownFileType = text.xcconfig; name = "Pods-Todo.release.xcconfig"; path = "Pods/Target Support Files/Pods-Todo/Pods-Todo.release.xcconfig"; sourceTree = "<group>"; };
		B7C49531494DDEFE364F7E56 /* Pods-Todo.debug.xcconfig */ = {isa = PBXFileReference; includeInIndex = 1; lastKnownFileType = text.xcconfig; name = "Pods-Todo.debug.xcconfig"; path = "Pods/Target Support Files/Pods-Todo/Pods-Todo.debug.xcconfig"; sourceTree = "<group>"; };
		B931220D214919E6002BDC1C /* ViewControllerReactor.swift */ = {isa = PBXFileReference; lastKnownFileType = sourcecode.swift; path = ViewControllerReactor.swift; sourceTree = "<group>"; };
		B931220F21491CAB002BDC1C /* ViewControllerRouter.swift */ = {isa = PBXFileReference; lastKnownFileType = sourcecode.swift; path = ViewControllerRouter.swift; sourceTree = "<group>"; };
		B931221521491EFB002BDC1C /* AddListViewController.swift */ = {isa = PBXFileReference; lastKnownFileType = sourcecode.swift; path = AddListViewController.swift; sourceTree = "<group>"; };
		B931221821491F3F002BDC1C /* AddListViewControllerSubView.swift */ = {isa = PBXFileReference; lastKnownFileType = sourcecode.swift; path = AddListViewControllerSubView.swift; sourceTree = "<group>"; };
		B9439CB9214903DB00936AE4 /* Todo.app */ = {isa = PBXFileReference; explicitFileType = wrapper.application; includeInIndex = 0; path = Todo.app; sourceTree = BUILT_PRODUCTS_DIR; };
		B9439CBC214903DB00936AE4 /* AppDelegate.swift */ = {isa = PBXFileReference; lastKnownFileType = sourcecode.swift; path = AppDelegate.swift; sourceTree = "<group>"; };
		B9439CBE214903DB00936AE4 /* ViewController.swift */ = {isa = PBXFileReference; lastKnownFileType = sourcecode.swift; path = ViewController.swift; sourceTree = "<group>"; };
		B9439CC1214903DB00936AE4 /* Base */ = {isa = PBXFileReference; lastKnownFileType = file.storyboard; name = Base; path = Base.lproj/Main.storyboard; sourceTree = "<group>"; };
		B9439CC3214903DD00936AE4 /* Assets.xcassets */ = {isa = PBXFileReference; lastKnownFileType = folder.assetcatalog; path = Assets.xcassets; sourceTree = "<group>"; };
		B9439CC6214903DD00936AE4 /* Base */ = {isa = PBXFileReference; lastKnownFileType = file.storyboard; name = Base; path = Base.lproj/LaunchScreen.storyboard; sourceTree = "<group>"; };
		B9439CC8214903DD00936AE4 /* Info.plist */ = {isa = PBXFileReference; lastKnownFileType = text.plist.xml; path = Info.plist; sourceTree = "<group>"; };
		B9439CD62149071C00936AE4 /* ViewControllerSubView.swift */ = {isa = PBXFileReference; lastKnownFileType = sourcecode.swift; path = ViewControllerSubView.swift; sourceTree = "<group>"; };
/* End PBXFileReference section */

/* Begin PBXFrameworksBuildPhase section */
		B9439CB6214903DB00936AE4 /* Frameworks */ = {
			isa = PBXFrameworksBuildPhase;
			buildActionMask = 2147483647;
			files = (
				7C27074F5096796D55153A16 /* Pods_Todo.framework in Frameworks */,
			);
			runOnlyForDeploymentPostprocessing = 0;
		};
/* End PBXFrameworksBuildPhase section */

/* Begin PBXGroup section */
		5B08A8E0A9EE43E5626CC0A5 /* Pods */ = {
			isa = PBXGroup;
			children = (
				B7C49531494DDEFE364F7E56 /* Pods-Todo.debug.xcconfig */,
				23DA62A29C2BAF3682134B83 /* Pods-Todo.release.xcconfig */,
			);
			name = Pods;
			sourceTree = "<group>";
		};
		8626C8C1ED4475282B30F79D /* Frameworks */ = {
			isa = PBXGroup;
			children = (
				123C255FDF97768D8163AA63 /* Pods_Todo.framework */,
			);
			name = Frameworks;
			sourceTree = "<group>";
		};
		B931221121491E89002BDC1C /* Scenes */ = {
			isa = PBXGroup;
			children = (
				B931221221491E99002BDC1C /* AddListScene */,
				B9439CD3214906B400936AE4 /* Main */,
			);
			path = Scenes;
			sourceTree = "<group>";
		};
		B931221221491E99002BDC1C /* AddListScene */ = {
			isa = PBXGroup;
			children = (
				B931221321491EBE002BDC1C /* View */,
			);
			path = AddListScene;
			sourceTree = "<group>";
		};
		B931221321491EBE002BDC1C /* View */ = {
			isa = PBXGroup;
			children = (
				B931221421491EDB002BDC1C /* SubView */,
				B931221521491EFB002BDC1C /* AddListViewController.swift */,
			);
			path = View;
			sourceTree = "<group>";
		};
		B931221421491EDB002BDC1C /* SubView */ = {
			isa = PBXGroup;
			children = (
				B931221821491F3F002BDC1C /* AddListViewControllerSubView.swift */,
			);
			path = SubView;
			sourceTree = "<group>";
		};
		B9439CB0214903DB00936AE4 = {
			isa = PBXGroup;
			children = (
				B9439CBB214903DB00936AE4 /* Todo */,
				B9439CBA214903DB00936AE4 /* Products */,
				5B08A8E0A9EE43E5626CC0A5 /* Pods */,
				8626C8C1ED4475282B30F79D /* Frameworks */,
			);
			sourceTree = "<group>";
		};
		B9439CBA214903DB00936AE4 /* Products */ = {
			isa = PBXGroup;
			children = (
				B9439CB9214903DB00936AE4 /* Todo.app */,
			);
			name = Products;
			sourceTree = "<group>";
		};
		B9439CBB214903DB00936AE4 /* Todo */ = {
			isa = PBXGroup;
			children = (
				B9439CD12149060600936AE4 /* Storyboards */,
				B9439CD0214905EB00936AE4 /* Assets */,
				B9439CCF214905E300936AE4 /* Applications */,
				B9439CCE2149058400936AE4 /* Classes */,
				B9439CC8214903DD00936AE4 /* Info.plist */,
			);
			path = Todo;
			sourceTree = "<group>";
		};
		B9439CCE2149058400936AE4 /* Classes */ = {
			isa = PBXGroup;
			children = (
				B9439CD2214906A600936AE4 /* Presentations */,
				B9439CBE214903DB00936AE4 /* ViewController.swift */,
			);
			path = Classes;
			sourceTree = "<group>";
		};
		B9439CCF214905E300936AE4 /* Applications */ = {
			isa = PBXGroup;
			children = (
				B9439CBC214903DB00936AE4 /* AppDelegate.swift */,
			);
			path = Applications;
			sourceTree = "<group>";
		};
		B9439CD0214905EB00936AE4 /* Assets */ = {
			isa = PBXGroup;
			children = (
				B9439CC3214903DD00936AE4 /* Assets.xcassets */,
			);
			path = Assets;
			sourceTree = "<group>";
		};
		B9439CD12149060600936AE4 /* Storyboards */ = {
			isa = PBXGroup;
			children = (
				B9439CC0214903DB00936AE4 /* Main.storyboard */,
				B9439CC5214903DD00936AE4 /* LaunchScreen.storyboard */,
			);
			path = Storyboards;
			sourceTree = "<group>";
		};
		B9439CD2214906A600936AE4 /* Presentations */ = {
			isa = PBXGroup;
			children = (
				B931221121491E89002BDC1C /* Scenes */,
			);
			path = Presentations;
			sourceTree = "<group>";
		};
		B9439CD3214906B400936AE4 /* Main */ = {
			isa = PBXGroup;
			children = (
				B9439CD4214906C000936AE4 /* View */,
			);
			path = Main;
			sourceTree = "<group>";
		};
		B9439CD4214906C000936AE4 /* View */ = {
			isa = PBXGroup;
			children = (
				B9439CDA21490CE800936AE4 /* Router */,
				B9439CD821490CC900936AE4 /* Reactor */,
				B9439CD5214906CE00936AE4 /* SubView */,
			);
			path = View;
			sourceTree = "<group>";
		};
		B9439CD5214906CE00936AE4 /* SubView */ = {
			isa = PBXGroup;
			children = (
				B9439CD62149071C00936AE4 /* ViewControllerSubView.swift */,
			);
			path = SubView;
			sourceTree = "<group>";
		};
		B9439CD821490CC900936AE4 /* Reactor */ = {
			isa = PBXGroup;
			children = (
				B931220D214919E6002BDC1C /* ViewControllerReactor.swift */,
			);
			path = Reactor;
			sourceTree = "<group>";
		};
		B9439CDA21490CE800936AE4 /* Router */ = {
			isa = PBXGroup;
			children = (
				B931220F21491CAB002BDC1C /* ViewControllerRouter.swift */,
			);
			path = Router;
			sourceTree = "<group>";
		};
/* End PBXGroup section */

/* Begin PBXNativeTarget section */
		B9439CB8214903DB00936AE4 /* Todo */ = {
			isa = PBXNativeTarget;
			buildConfigurationList = B9439CCB214903DD00936AE4 /* Build configuration list for PBXNativeTarget "Todo" */;
			buildPhases = (
				123B17B9320C38B814C191EB /* [CP] Check Pods Manifest.lock */,
				B9439CB5214903DB00936AE4 /* Sources */,
				B9439CB6214903DB00936AE4 /* Frameworks */,
				B9439CB7214903DB00936AE4 /* Resources */,
				085CD26229A373D2FFFC6217 /* [CP] Embed Pods Frameworks */,
			);
			buildRules = (
			);
			dependencies = (
			);
			name = Todo;
			productName = Todo;
			productReference = B9439CB9214903DB00936AE4 /* Todo.app */;
			productType = "com.apple.product-type.application";
		};
/* End PBXNativeTarget section */

/* Begin PBXProject section */
		B9439CB1214903DB00936AE4 /* Project object */ = {
			isa = PBXProject;
			attributes = {
				LastSwiftUpdateCheck = 0940;
				LastUpgradeCheck = 0940;
				ORGANIZATIONNAME = Pich;
				TargetAttributes = {
					B9439CB8214903DB00936AE4 = {
						CreatedOnToolsVersion = 9.4.1;
					};
				};
			};
			buildConfigurationList = B9439CB4214903DB00936AE4 /* Build configuration list for PBXProject "Todo" */;
			compatibilityVersion = "Xcode 9.3";
			developmentRegion = en;
			hasScannedForEncodings = 0;
			knownRegions = (
				en,
				Base,
			);
			mainGroup = B9439CB0214903DB00936AE4;
			productRefGroup = B9439CBA214903DB00936AE4 /* Products */;
			projectDirPath = "";
			projectRoot = "";
			targets = (
				B9439CB8214903DB00936AE4 /* Todo */,
			);
		};
/* End PBXProject section */

/* Begin PBXResourcesBuildPhase section */
		B9439CB7214903DB00936AE4 /* Resources */ = {
			isa = PBXResourcesBuildPhase;
			buildActionMask = 2147483647;
			files = (
				B9439CC7214903DD00936AE4 /* LaunchScreen.storyboard in Resources */,
				B9439CC4214903DD00936AE4 /* Assets.xcassets in Resources */,
				B9439CC2214903DB00936AE4 /* Main.storyboard in Resources */,
			);
			runOnlyForDeploymentPostprocessing = 0;
		};
/* End PBXResourcesBuildPhase section */

/* Begin PBXShellScriptBuildPhase section */
		085CD26229A373D2FFFC6217 /* [CP] Embed Pods Frameworks */ = {
			isa = PBXShellScriptBuildPhase;
			buildActionMask = 2147483647;
			files = (
			);
			inputPaths = (
				"${SRCROOT}/Pods/Target Support Files/Pods-Todo/Pods-Todo-frameworks.sh",
				"${BUILT_PRODUCTS_DIR}/ReactorKit/ReactorKit.framework",
				"${BUILT_PRODUCTS_DIR}/RxCocoa/RxCocoa.framework",
				"${BUILT_PRODUCTS_DIR}/RxSwift/RxSwift.framework",
				"${BUILT_PRODUCTS_DIR}/SnapKit/SnapKit.framework",
				"${BUILT_PRODUCTS_DIR}/Then/Then.framework",
			);
			name = "[CP] Embed Pods Frameworks";
			outputPaths = (
				"${TARGET_BUILD_DIR}/${FRAMEWORKS_FOLDER_PATH}/ReactorKit.framework",
				"${TARGET_BUILD_DIR}/${FRAMEWORKS_FOLDER_PATH}/RxCocoa.framework",
				"${TARGET_BUILD_DIR}/${FRAMEWORKS_FOLDER_PATH}/RxSwift.framework",
				"${TARGET_BUILD_DIR}/${FRAMEWORKS_FOLDER_PATH}/SnapKit.framework",
				"${TARGET_BUILD_DIR}/${FRAMEWORKS_FOLDER_PATH}/Then.framework",
			);
			runOnlyForDeploymentPostprocessing = 0;
			shellPath = /bin/sh;
			shellScript = "\"${SRCROOT}/Pods/Target Support Files/Pods-Todo/Pods-Todo-frameworks.sh\"\n";
			showEnvVarsInLog = 0;
		};
		123B17B9320C38B814C191EB /* [CP] Check Pods Manifest.lock */ = {
			isa = PBXShellScriptBuildPhase;
			buildActionMask = 2147483647;
			files = (
			);
			inputPaths = (
				"${PODS_PODFILE_DIR_PATH}/Podfile.lock",
				"${PODS_ROOT}/Manifest.lock",
			);
			name = "[CP] Check Pods Manifest.lock";
			outputPaths = (
				"$(DERIVED_FILE_DIR)/Pods-Todo-checkManifestLockResult.txt",
			);
			runOnlyForDeploymentPostprocessing = 0;
			shellPath = /bin/sh;
			shellScript = "diff \"${PODS_PODFILE_DIR_PATH}/Podfile.lock\" \"${PODS_ROOT}/Manifest.lock\" > /dev/null\nif [ $? != 0 ] ; then\n    # print error to STDERR\n    echo \"error: The sandbox is not in sync with the Podfile.lock. Run 'pod install' or update your CocoaPods installation.\" >&2\n    exit 1\nfi\n# This output is used by Xcode 'outputs' to avoid re-running this script phase.\necho \"SUCCESS\" > \"${SCRIPT_OUTPUT_FILE_0}\"\n";
			showEnvVarsInLog = 0;
		};
/* End PBXShellScriptBuildPhase section */

/* Begin PBXSourcesBuildPhase section */
		B9439CB5214903DB00936AE4 /* Sources */ = {
			isa = PBXSourcesBuildPhase;
			buildActionMask = 2147483647;
			files = (
				B931221621491EFB002BDC1C /* AddListViewController.swift in Sources */,
				B9439CBF214903DB00936AE4 /* ViewController.swift in Sources */,
				B931221921491F3F002BDC1C /* AddListViewControllerSubView.swift in Sources */,
				B931221021491CAB002BDC1C /* ViewControllerRouter.swift in Sources */,
				B931220E214919E6002BDC1C /* ViewControllerReactor.swift in Sources */,
				B9439CD72149071C00936AE4 /* ViewControllerSubView.swift in Sources */,
				B9439CBD214903DB00936AE4 /* AppDelegate.swift in Sources */,
			);
			runOnlyForDeploymentPostprocessing = 0;
		};
/* End PBXSourcesBuildPhase section */

/* Begin PBXVariantGroup section */
		B9439CC0214903DB00936AE4 /* Main.storyboard */ = {
			isa = PBXVariantGroup;
			children = (
				B9439CC1214903DB00936AE4 /* Base */,
			);
			name = Main.storyboard;
			sourceTree = "<group>";
		};
		B9439CC5214903DD00936AE4 /* LaunchScreen.storyboard */ = {
			isa = PBXVariantGroup;
			children = (
				B9439CC6214903DD00936AE4 /* Base */,
			);
			name = LaunchScreen.storyboard;
			sourceTree = "<group>";
		};
/* End PBXVariantGroup section */

/* Begin XCBuildConfiguration section */
		B9439CC9214903DD00936AE4 /* Debug */ = {
			isa = XCBuildConfiguration;
			buildSettings = {
				ALWAYS_SEARCH_USER_PATHS = NO;
				CLANG_ANALYZER_NONNULL = YES;
				CLANG_ANALYZER_NUMBER_OBJECT_CONVERSION = YES_AGGRESSIVE;
				CLANG_CXX_LANGUAGE_STANDARD = "gnu++14";
				CLANG_CXX_LIBRARY = "libc++";
				CLANG_ENABLE_MODULES = YES;
				CLANG_ENABLE_OBJC_ARC = YES;
				CLANG_ENABLE_OBJC_WEAK = YES;
				CLANG_WARN_BLOCK_CAPTURE_AUTORELEASING = YES;
				CLANG_WARN_BOOL_CONVERSION = YES;
				CLANG_WARN_COMMA = YES;
				CLANG_WARN_CONSTANT_CONVERSION = YES;
				CLANG_WARN_DEPRECATED_OBJC_IMPLEMENTATIONS = YES;
				CLANG_WARN_DIRECT_OBJC_ISA_USAGE = YES_ERROR;
				CLANG_WARN_DOCUMENTATION_COMMENTS = YES;
				CLANG_WARN_EMPTY_BODY = YES;
				CLANG_WARN_ENUM_CONVERSION = YES;
				CLANG_WARN_INFINITE_RECURSION = YES;
				CLANG_WARN_INT_CONVERSION = YES;
				CLANG_WARN_NON_LITERAL_NULL_CONVERSION = YES;
				CLANG_WARN_OBJC_IMPLICIT_RETAIN_SELF = YES;
				CLANG_WARN_OBJC_LITERAL_CONVERSION = YES;
				CLANG_WARN_OBJC_ROOT_CLASS = YES_ERROR;
				CLANG_WARN_RANGE_LOOP_ANALYSIS = YES;
				CLANG_WARN_STRICT_PROTOTYPES = YES;
				CLANG_WARN_SUSPICIOUS_MOVE = YES;
				CLANG_WARN_UNGUARDED_AVAILABILITY = YES_AGGRESSIVE;
				CLANG_WARN_UNREACHABLE_CODE = YES;
				CLANG_WARN__DUPLICATE_METHOD_MATCH = YES;
				CODE_SIGN_IDENTITY = "iPhone Developer";
				COPY_PHASE_STRIP = NO;
				DEBUG_INFORMATION_FORMAT = dwarf;
				ENABLE_STRICT_OBJC_MSGSEND = YES;
				ENABLE_TESTABILITY = YES;
				GCC_C_LANGUAGE_STANDARD = gnu11;
				GCC_DYNAMIC_NO_PIC = NO;
				GCC_NO_COMMON_BLOCKS = YES;
				GCC_OPTIMIZATION_LEVEL = 0;
				GCC_PREPROCESSOR_DEFINITIONS = (
					"DEBUG=1",
					"$(inherited)",
				);
				GCC_WARN_64_TO_32_BIT_CONVERSION = YES;
				GCC_WARN_ABOUT_RETURN_TYPE = YES_ERROR;
				GCC_WARN_UNDECLARED_SELECTOR = YES;
				GCC_WARN_UNINITIALIZED_AUTOS = YES_AGGRESSIVE;
				GCC_WARN_UNUSED_FUNCTION = YES;
				GCC_WARN_UNUSED_VARIABLE = YES;
				IPHONEOS_DEPLOYMENT_TARGET = 11.4;
				MTL_ENABLE_DEBUG_INFO = YES;
				ONLY_ACTIVE_ARCH = YES;
				SDKROOT = iphoneos;
				SWIFT_ACTIVE_COMPILATION_CONDITIONS = DEBUG;
				SWIFT_OPTIMIZATION_LEVEL = "-Onone";
			};
			name = Debug;
		};
		B9439CCA214903DD00936AE4 /* Release */ = {
			isa = XCBuildConfiguration;
			buildSettings = {
				ALWAYS_SEARCH_USER_PATHS = NO;
				CLANG_ANALYZER_NONNULL = YES;
				CLANG_ANALYZER_NUMBER_OBJECT_CONVERSION = YES_AGGRESSIVE;
				CLANG_CXX_LANGUAGE_STANDARD = "gnu++14";
				CLANG_CXX_LIBRARY = "libc++";
				CLANG_ENABLE_MODULES = YES;
				CLANG_ENABLE_OBJC_ARC = YES;
				CLANG_ENABLE_OBJC_WEAK = YES;
				CLANG_WARN_BLOCK_CAPTURE_AUTORELEASING = YES;
				CLANG_WARN_BOOL_CONVERSION = YES;
				CLANG_WARN_COMMA = YES;
				CLANG_WARN_CONSTANT_CONVERSION = YES;
				CLANG_WARN_DEPRECATED_OBJC_IMPLEMENTATIONS = YES;
				CLANG_WARN_DIRECT_OBJC_ISA_USAGE = YES_ERROR;
				CLANG_WARN_DOCUMENTATION_COMMENTS = YES;
				CLANG_WARN_EMPTY_BODY = YES;
				CLANG_WARN_ENUM_CONVERSION = YES;
				CLANG_WARN_INFINITE_RECURSION = YES;
				CLANG_WARN_INT_CONVERSION = YES;
				CLANG_WARN_NON_LITERAL_NULL_CONVERSION = YES;
				CLANG_WARN_OBJC_IMPLICIT_RETAIN_SELF = YES;
				CLANG_WARN_OBJC_LITERAL_CONVERSION = YES;
				CLANG_WARN_OBJC_ROOT_CLASS = YES_ERROR;
				CLANG_WARN_RANGE_LOOP_ANALYSIS = YES;
				CLANG_WARN_STRICT_PROTOTYPES = YES;
				CLANG_WARN_SUSPICIOUS_MOVE = YES;
				CLANG_WARN_UNGUARDED_AVAILABILITY = YES_AGGRESSIVE;
				CLANG_WARN_UNREACHABLE_CODE = YES;
				CLANG_WARN__DUPLICATE_METHOD_MATCH = YES;
				CODE_SIGN_IDENTITY = "iPhone Developer";
				COPY_PHASE_STRIP = NO;
				DEBUG_INFORMATION_FORMAT = "dwarf-with-dsym";
				ENABLE_NS_ASSERTIONS = NO;
				ENABLE_STRICT_OBJC_MSGSEND = YES;
				GCC_C_LANGUAGE_STANDARD = gnu11;
				GCC_NO_COMMON_BLOCKS = YES;
				GCC_WARN_64_TO_32_BIT_CONVERSION = YES;
				GCC_WARN_ABOUT_RETURN_TYPE = YES_ERROR;
				GCC_WARN_UNDECLARED_SELECTOR = YES;
				GCC_WARN_UNINITIALIZED_AUTOS = YES_AGGRESSIVE;
				GCC_WARN_UNUSED_FUNCTION = YES;
				GCC_WARN_UNUSED_VARIABLE = YES;
				IPHONEOS_DEPLOYMENT_TARGET = 11.4;
				MTL_ENABLE_DEBUG_INFO = NO;
				SDKROOT = iphoneos;
				SWIFT_COMPILATION_MODE = wholemodule;
				SWIFT_OPTIMIZATION_LEVEL = "-O";
				VALIDATE_PRODUCT = YES;
			};
			name = Release;
		};
		B9439CCC214903DD00936AE4 /* Debug */ = {
			isa = XCBuildConfiguration;
			baseConfigurationReference = B7C49531494DDEFE364F7E56 /* Pods-Todo.debug.xcconfig */;
			buildSettings = {
				ASSETCATALOG_COMPILER_APPICON_NAME = AppIcon;
				CODE_SIGN_STYLE = Automatic;
				DEVELOPMENT_TEAM = 434NL52Z48;
				INFOPLIST_FILE = Todo/Info.plist;
				LD_RUNPATH_SEARCH_PATHS = (
					"$(inherited)",
					"@executable_path/Frameworks",
				);
				PRODUCT_BUNDLE_IDENTIFIER = com.pich.Todo;
				PRODUCT_NAME = "$(TARGET_NAME)";
				SWIFT_VERSION = 4.0;
				TARGETED_DEVICE_FAMILY = "1,2";
			};
			name = Debug;
		};
		B9439CCD214903DD00936AE4 /* Release */ = {
			isa = XCBuildConfiguration;
			baseConfigurationReference = 23DA62A29C2BAF3682134B83 /* Pods-Todo.release.xcconfig */;
			buildSettings = {
				ASSETCATALOG_COMPILER_APPICON_NAME = AppIcon;
				CODE_SIGN_STYLE = Automatic;
				DEVELOPMENT_TEAM = 434NL52Z48;
				INFOPLIST_FILE = Todo/Info.plist;
				LD_RUNPATH_SEARCH_PATHS = (
					"$(inherited)",
					"@executable_path/Frameworks",
				);
				PRODUCT_BUNDLE_IDENTIFIER = com.pich.Todo;
				PRODUCT_NAME = "$(TARGET_NAME)";
				SWIFT_VERSION = 4.0;
				TARGETED_DEVICE_FAMILY = "1,2";
			};
			name = Release;
		};
/* End XCBuildConfiguration section */

/* Begin XCConfigurationList section */
		B9439CB4214903DB00936AE4 /* Build configuration list for PBXProject "Todo" */ = {
			isa = XCConfigurationList;
			buildConfigurations = (
				B9439CC9214903DD00936AE4 /* Debug */,
				B9439CCA214903DD00936AE4 /* Release */,
			);
			defaultConfigurationIsVisible = 0;
			defaultConfigurationName = Release;
		};
		B9439CCB214903DD00936AE4 /* Build configuration list for PBXNativeTarget "Todo" */ = {
			isa = XCConfigurationList;
			buildConfigurations = (
				B9439CCC214903DD00936AE4 /* Debug */,
				B9439CCD214903DD00936AE4 /* Release */,
			);
			defaultConfigurationIsVisible = 0;
			defaultConfigurationName = Release;
		};
/* End XCConfigurationList section */
	};
	rootObject = B9439CB1214903DB00936AE4 /* Project object */;
}
